{
  "name": "research",
  "version": "1.0.0",
  "lockfileVersion": 2,
  "requires": true,
  "packages": {
    "": {
      "version": "1.0.0",
      "license": "ISC",
      "dependencies": {
        "undici-fetch": "^1.0.0-rc.4"
      }
    },
    "node_modules/undici": {
      "version": "4.2.2",
      "resolved": "https://registry.npmjs.org/undici/-/undici-4.2.2.tgz",
      "integrity": "sha512-WeLqJE/N66VjFeNawJkWHGB1qBGL3VHeimAEKhOC7lbeCf7p6daUVYUHYFeTo0V1EDlxdzqpzykImadFHjuXgA==",
      "engines": {
        "node": ">=12.18"
      }
    },
    "node_modules/undici-fetch": {
      "version": "1.0.0-rc.4",
      "resolved": "https://registry.npmjs.org/undici-fetch/-/undici-fetch-1.0.0-rc.4.tgz",
      "integrity": "sha512-+F9lSstpd0YJkBBAMe1UXlUVeadsd/AJrB0643smYHcKAdwCtoBVWfoFO0ibk1sA1BEFH7himsWC5aHLomGK0g==",
      "dependencies": {
        "undici": "^4.0.0"
      },
      "engines": {
        "node": ">=14.0.0"
      }
    }
  },
  "dependencies": {
    "undici": {
      "version": "4.2.2",
      "resolved": "https://registry.npmjs.org/undici/-/undici-4.2.2.tgz",
      "integrity": "sha512-WeLqJE/N66VjFeNawJkWHGB1qBGL3VHeimAEKhOC7lbeCf7p6daUVYUHYFeTo0V1EDlxdzqpzykImadFHjuXgA=="
    },
    "undici-fetch": {
      "version": "1.0.0-rc.4",
      "resolved": "https://registry.npmjs.org/undici-fetch/-/undici-fetch-1.0.0-rc.4.tgz",
      "integrity": "sha512-+F9lSstpd0YJkBBAMe1UXlUVeadsd/AJrB0643smYHcKAdwCtoBVWfoFO0ibk1sA1BEFH7himsWC5aHLomGK0g==",
      "requires": {
        "undici": "^4.0.0"
      }
    }
  }
}
